
Microsoft Visual Studio Solution File, Format Version 12.00
# Visual Studio 2013
VisualStudioVersion = 12.0.21005.1
MinimumVisualStudioVersion = 10.0.40219.1
Project("{FAE04EC0-301F-11D3-BF4B-00C04F79EFBC}") = "MvcSampleApp.Web", "MvcSampleApp\MvcSampleApp.Web.csproj", "{5F1B5272-6DE2-41C7-B321-BF73261B1ADC}"
EndProject
Project("{FAE04EC0-301F-11D3-BF4B-00C04F79EFBC}") = "MvcSampleApp.Data", "MvcSampleApp.Data\MvcSampleApp.Data.csproj", "{3BFD2627-02C0-4FF6-AE07-7542F5131A75}"
EndProject
Project("{FAE04EC0-301F-11D3-BF4B-00C04F79EFBC}") = "MvcSampleApp.Core", "MvcSampleApp.Core\MvcSampleApp.Core.csproj", "{2F226F30-58A4-49C1-A544-84C3A7F1C5B5}"
EndProject
Project("{FAE04EC0-301F-11D3-BF4B-00C04F79EFBC}") = "MvcSampleApp.Services", "MvcSampleApp.Services\MvcSampleApp.Services.csproj", "{9DDF1C02-D49A-4476-AD8D-46B7F7CEE1CE}"
EndProject
Global
	GlobalSection(SolutionConfigurationPlatforms) = preSolution
		Debug|Any CPU = Debug|Any CPU
		Release|Any CPU = Release|Any CPU
	EndGlobalSection
	GlobalSection(ProjectConfigurationPlatforms) = postSolution
		{5F1B5272-6DE2-41C7-B321-BF73261B1ADC}.Debug|Any CPU.ActiveCfg = Debug|Any CPU
		{5F1B5272-6DE2-41C7-B321-BF73261B1ADC}.Debug|Any CPU.Build.0 = Debug|Any CPU
		{5F1B5272-6DE2-41C7-B321-BF73261B1ADC}.Release|Any CPU.ActiveCfg = Release|Any CPU
		{5F1B5272-6DE2-41C7-B321-BF73261B1ADC}.Release|Any CPU.Build.0 = Release|Any CPU
		{3BFD2627-02C0-4FF6-AE07-7542F5131A75}.Debug|Any CPU.ActiveCfg = Debug|Any CPU
		{3BFD2627-02C0-4FF6-AE07-7542F5131A75}.Debug|Any CPU.Build.0 = Debug|Any CPU
		{3BFD2627-02C0-4FF6-AE07-7542F5131A75}.Release|Any CPU.ActiveCfg = Release|Any CPU
		{3BFD2627-02C0-4FF6-AE07-7542F5131A75}.Release|Any CPU.Build.0 = Release|Any CPU
		{2F226F30-58A4-49C1-A544-84C3A7F1C5B5}.Debug|Any CPU.ActiveCfg = Debug|Any CPU
		{2F226F30-58A4-49C1-A544-84C3A7F1C5B5}.Debug|Any CPU.Build.0 = Debug|Any CPU
		{2F226F30-58A4-49C1-A544-84C3A7F1C5B5}.Release|Any CPU.ActiveCfg = Release|Any CPU
		{2F226F30-58A4-49C1-A544-84C3A7F1C5B5}.Release|Any CPU.Build.0 = Release|Any CPU
		{9DDF1C02-D49A-4476-AD8D-46B7F7CEE1CE}.Debug|Any CPU.ActiveCfg = Debug|Any CPU
		{9DDF1C02-D49A-4476-AD8D-46B7F7CEE1CE}.Debug|Any CPU.Build.0 = Debug|Any CPU
		{9DDF1C02-D49A-4476-AD8D-46B7F7CEE1CE}.Release|Any CPU.ActiveCfg = Release|Any CPU
		{9DDF1C02-D49A-4476-AD8D-46B7F7CEE1CE}.Release|Any CPU.Build.0 = Release|Any CPU
	EndGlobalSection
	GlobalSection(SolutionProperties) = preSolution
		HideSolutionNode = FALSE
	EndGlobalSection
EndGlobal
